{
  "version": 4,
  "terraform_version": "0.15.0",
  "serial": 295,
  "lineage": "e4e66c5f-6a9e-9182-40f9-74494b08b3ab",
  "outputs": {
    "private-key": {
      "value": "-----BEGIN RSA PRIVATE KEY-----\nMIIEpAIBAAKCAQEAvfPI4xlM8md+4EszgjPvOhJlILLJQD7Laex4w8ZHE9GR5nd0\n8lV2uXdOX5CIksvse4xA6RWLEPbTcwO8dMafVHY5dN7K5CYotuW10TJwNvRCerOY\nvPk/jq6HgN1IgDNbk0+kV0jFkVZLFzGY/V9mEGgNH6sYhE9loUsabxzV+GWj5Ayr\nGCN+Of0inKxIofVVkR4+bKqJ7cVaDFLqYS4LhBpQWNZhm3Mf93C+KGM6SleqdgSe\n8zyN8jiii5Pz7jZAX0kNzDJO0NqHIhvuatrgPWNeoy7KEtQWHemzXpjctfHWI04n\nJcyVKQb1uHqubjHviQi3SBnEisxXvwKsEd6qIQIDAQABAoIBAHkq4hEjWXcjV8ah\nkcjTch18EHAsO740kDMQOfTALSTSQRxfRQU0SRiDp0XEf6oMVNx2mg1UxbHbkQRD\n9NoUvRv2ki4f1BJ22O/aVgGNCBG1/BYjLCIXaFiOsjcccJv+psKwQee/ru9HuXyh\nEbNGQGfkx8JUtL3pm62op8MLBN5+dJkLP4HRnglXMI/wAjUChYQ8Em8sM4tL3lf8\n55hlF+Zs8XnLmphnQygYTbjQdM3h7I+fog7YoaDUjyGr0wotFVtO6flcaI9SLqTQ\n0zKydYymCmE2lUw/qPiIMeYzaQFHAQiPmbVTmk2yeGZLU0dPZh2h9UaaEAMkYigT\ndGVjDrUCgYEA9HzA45n9bzPvhHT+CKtRAt4WqKnN3p8K7Kg334HT64rPP9K7e/GT\nn3CLUdlTBgN/T+6zWWcb2gjcTL76HcKArYpL1QhTXThVWoU2Rt7bZJogC8COHJPv\nsK7nPHh4j9e269VUWYjqzOtRjtNLN7xBY6teUf0FVBQF233uN6/pYxcCgYEAxuWf\nRBjG1JRgzWRn1Ti+EFBqpLz5Ju9sTDB7SNxMWdhtrqguy/GxO/uGV4yDYvraIHRY\nW9QWwUn5ANs8nJPfRDB+VNpLHNrj3vPYHW4wp45Y15iLMVht/mVFoE+WC3/0yPt0\nmXbPKABLs2ANaZxsTAbEaNqUcEj+CyjTkLlVf4cCgYAYHTXpPQcCMN0u81sa/8q9\nvan+eMEVdBpfvTfFk8iTMt2+LcrQLsOgtjkHmafWsAGeoKyP5NuaZcVUzIFe7hBD\nDaDtIiUWzLeedgUkeFarVYhToGpj5zN8+cNU84zwoxYnrKLlMdv22j7xF2YT2T2Z\n1w02iP49jLwHKiSU2YTrgQKBgQCrtRyT61frudUAPEgvmXbsGqCWa9YkuNmjxM8K\nDbWUcvXtrKAJzTQW9oP6HQJoduvMzORjEmw6niPri1l+S2KaOcs2ceYamRXUKmtO\nrQwv+wHTzouMJC2BS+iaB1sfvm2S/RKiUiFxBSBVUP0DSdlsoQL7CojPjxRSigJr\nlLStDQKBgQC7VIzfUizrFOoAtmpRvYLuVnTyDbz0pxS+M5TA4LyRRAjmhUNtMPVE\n+qcEPnNNq62WHG+Cv5SLe+AQueUXK1zBAysGwZfZiyLePe86Ur8fdAHZC82bgEZd\nfJsOV1GivvkqEfDltZ9PEVYvTenGHb0my6GF2uf9R4NP/EKDbx0y/Q==\n-----END RSA PRIVATE KEY-----\n",
      "type": "string",
      "sensitive": true
    },
    "public_key_openssh": {
      "value": "ssh-rsa AAAAB3NzaC1yc2EAAAADAQABAAABAQC988jjGUzyZ37gSzOCM+86EmUgsslAPstp7HjDxkcT0ZHmd3TyVXa5d05fkIiSy+x7jEDpFYsQ9tNzA7x0xp9Udjl03srkJii25bXRMnA29EJ6s5i8+T+OroeA3UiAM1uTT6RXSMWRVksXMZj9X2YQaA0fqxiET2WhSxpvHNX4ZaPkDKsYI345/SKcrEih9VWRHj5sqontxVoMUuphLguEGlBY1mGbcx/3cL4oYzpKV6p2BJ7zPI3yOKKLk/PuNkBfSQ3MMk7Q2ociG+5q2uA9Y16jLsoS1BYd6bNemNy18dYjTiclzJUpBvW4eq5uMe+JCLdIGcSKzFe/AqwR3qoh\n",
      "type": "string"
    }
  },
  "resources": [
    {
      "mode": "data",
      "type": "aws_ami",
      "name": "ubuntu",
      "provider": "provider[\"registry.terraform.io/hashicorp/aws\"]",
      "instances": [
        {
          "schema_version": 0,
          "attributes": {
            "architecture": "x86_64",
            "arn": "arn:aws:ec2:us-east-1::image/ami-0ddbdea833a8d2f0d",
            "block_device_mappings": [
              {
                "device_name": "/dev/sda1",
                "ebs": {
                  "delete_on_termination": "true",
                  "encrypted": "false",
                  "iops": "0",
                  "snapshot_id": "snap-05778d04774cc976a",
                  "throughput": "0",
                  "volume_size": "8",
                  "volume_type": "gp2"
                },
                "no_device": "",
                "virtual_name": ""
              },
              {
                "device_name": "/dev/sdb",
                "ebs": {},
                "no_device": "",
                "virtual_name": "ephemeral0"
              },
              {
                "device_name": "/dev/sdc",
                "ebs": {},
                "no_device": "",
                "virtual_name": "ephemeral1"
              }
            ],
            "creation_date": "2021-04-16T05:35:03.000Z",
            "description": "Canonical, Ubuntu, 20.04 LTS, amd64 focal image build on 2021-04-15",
            "ena_support": true,
            "executable_users": null,
            "filter": [
              {
                "name": "name",
                "values": [
                  "ubuntu/images/hvm-ssd/ubuntu-focal-20.04-amd64-server-*"
                ]
              },
              {
                "name": "virtualization-type",
                "values": [
                  "hvm"
                ]
              }
            ],
            "hypervisor": "xen",
            "id": "ami-0ddbdea833a8d2f0d",
            "image_id": "ami-0ddbdea833a8d2f0d",
            "image_location": "099720109477/ubuntu/images/hvm-ssd/ubuntu-focal-20.04-amd64-server-20210415",
            "image_owner_alias": null,
            "image_type": "machine",
            "kernel_id": null,
            "most_recent": true,
            "name": "ubuntu/images/hvm-ssd/ubuntu-focal-20.04-amd64-server-20210415",
            "name_regex": null,
            "owner_id": "099720109477",
            "owners": [
              "099720109477"
            ],
            "platform": null,
            "platform_details": "Linux/UNIX",
            "product_codes": [],
            "public": true,
            "ramdisk_id": null,
            "root_device_name": "/dev/sda1",
            "root_device_type": "ebs",
            "root_snapshot_id": "snap-05778d04774cc976a",
            "sriov_net_support": "simple",
            "state": "available",
            "state_reason": {
              "code": "UNSET",
              "message": "UNSET"
            },
            "tags": {},
            "usage_operation": "RunInstances",
            "virtualization_type": "hvm"
          },
          "sensitive_attributes": []
        }
      ]
    },
    {
      "mode": "managed",
      "type": "aws_instance",
      "name": "web",
      "provider": "provider[\"registry.terraform.io/hashicorp/aws\"]",
      "instances": [
        {
          "schema_version": 1,
          "attributes": {
            "ami": "ami-0ddbdea833a8d2f0d",
            "arn": "arn:aws:ec2:us-east-1:949157020044:instance/i-037cf05365bfe6aeb",
            "associate_public_ip_address": true,
            "availability_zone": "us-east-1d",
            "cpu_core_count": 1,
            "cpu_threads_per_core": 1,
            "credit_specification": [
              {
                "cpu_credits": "standard"
              }
            ],
            "disable_api_termination": false,
            "ebs_block_device": [],
            "ebs_optimized": false,
            "enclave_options": [
              {
                "enabled": false
              }
            ],
            "ephemeral_block_device": [],
            "get_password_data": false,
            "hibernation": false,
            "host_id": null,
            "iam_instance_profile": "",
            "id": "i-037cf05365bfe6aeb",
            "instance_initiated_shutdown_behavior": null,
            "instance_state": "running",
            "instance_type": "t2.micro",
            "ipv6_address_count": 0,
            "ipv6_addresses": [],
            "key_name": "default.deployer-key",
            "metadata_options": [
              {
                "http_endpoint": "enabled",
                "http_put_response_hop_limit": 1,
                "http_tokens": "optional"
              }
            ],
            "monitoring": false,
            "network_interface": [],
            "outpost_arn": "",
            "password_data": "",
            "placement_group": "",
            "primary_network_interface_id": "eni-071a2548e16b42df4",
            "private_dns": "ip-172-31-17-4.ec2.internal",
            "private_ip": "172.31.17.4",
            "public_dns": "ec2-54-236-29-215.compute-1.amazonaws.com",
            "public_ip": "54.236.29.215",
            "root_block_device": [
              {
                "delete_on_termination": true,
                "device_name": "/dev/sda1",
                "encrypted": false,
                "iops": 100,
                "kms_key_id": "",
                "tags": {},
                "throughput": 0,
                "volume_id": "vol-001a4bd6fa92291a5",
                "volume_size": 8,
                "volume_type": "gp2"
              }
            ],
            "secondary_private_ips": [],
            "security_groups": [
              "Standard-SG"
            ],
            "source_dest_check": true,
            "subnet_id": "subnet-062144303c7480e80",
            "tags": {
              "Name": "ClientServer"
            },
            "tenancy": "default",
            "timeouts": null,
            "user_data": null,
            "user_data_base64": null,
            "volume_tags": null,
            "vpc_security_group_ids": [
              "sg-0e44d2bfded2f07a3"
            ]
          },
          "sensitive_attributes": [],
          "private": "eyJlMmJmYjczMC1lY2FhLTExZTYtOGY4OC0zNDM2M2JjN2M0YzAiOnsiY3JlYXRlIjo2MDAwMDAwMDAwMDAsImRlbGV0ZSI6MTIwMDAwMDAwMDAwMCwidXBkYXRlIjo2MDAwMDAwMDAwMDB9LCJzY2hlbWFfdmVyc2lvbiI6IjEifQ==",
          "dependencies": [
            "aws_key_pair.deployer",
            "data.aws_ami.ubuntu",
            "tls_private_key.private-key"
          ]
        }
      ]
    },
    {
      "mode": "managed",
      "type": "aws_key_pair",
      "name": "deployer",
      "provider": "provider[\"registry.terraform.io/hashicorp/aws\"]",
      "instances": [
        {
          "schema_version": 1,
          "attributes": {
            "arn": "arn:aws:ec2:us-east-1:949157020044:key-pair/default.deployer-key",
            "fingerprint": "7d:d1:ef:60:59:b8:7e:f8:77:93:ba:b3:ad:c8:a2:ef",
            "id": "default.deployer-key",
            "key_name": "default.deployer-key",
            "key_name_prefix": null,
            "key_pair_id": "key-07878d89a221ba508",
            "public_key": "ssh-rsa AAAAB3NzaC1yc2EAAAADAQABAAABAQC988jjGUzyZ37gSzOCM+86EmUgsslAPstp7HjDxkcT0ZHmd3TyVXa5d05fkIiSy+x7jEDpFYsQ9tNzA7x0xp9Udjl03srkJii25bXRMnA29EJ6s5i8+T+OroeA3UiAM1uTT6RXSMWRVksXMZj9X2YQaA0fqxiET2WhSxpvHNX4ZaPkDKsYI345/SKcrEih9VWRHj5sqontxVoMUuphLguEGlBY1mGbcx/3cL4oYzpKV6p2BJ7zPI3yOKKLk/PuNkBfSQ3MMk7Q2ociG+5q2uA9Y16jLsoS1BYd6bNemNy18dYjTiclzJUpBvW4eq5uMe+JCLdIGcSKzFe/AqwR3qoh",
            "tags": null
          },
          "sensitive_attributes": [],
          "private": "eyJzY2hlbWFfdmVyc2lvbiI6IjEifQ==",
          "dependencies": [
            "tls_private_key.private-key"
          ]
        }
      ]
    },
    {
      "mode": "managed",
      "type": "aws_security_group",
      "name": "student-sg",
      "provider": "provider[\"registry.terraform.io/hashicorp/aws\"]",
      "instances": [
        {
          "schema_version": 1,
          "attributes": {
            "arn": "arn:aws:ec2:us-east-1:949157020044:security-group/sg-0e44d2bfded2f07a3",
            "description": "Student security group",
            "egress": [],
            "id": "sg-0e44d2bfded2f07a3",
            "ingress": [],
            "name": "Standard-SG",
            "name_prefix": "",
            "owner_id": "949157020044",
            "revoke_rules_on_delete": false,
            "tags": {
              "Environment": "default",
              "Name": "Standard-SG"
            },
            "timeouts": null,
            "vpc_id": "vpc-074e6693bac7da2d4"
          },
          "sensitive_attributes": [],
          "private": "eyJlMmJmYjczMC1lY2FhLTExZTYtOGY4OC0zNDM2M2JjN2M0YzAiOnsiY3JlYXRlIjo2MDAwMDAwMDAwMDAsImRlbGV0ZSI6OTAwMDAwMDAwMDAwfSwic2NoZW1hX3ZlcnNpb24iOiIxIn0="
        }
      ]
    },
    {
      "mode": "managed",
      "type": "aws_security_group_rule",
      "name": "create-sgr-jenkins",
      "provider": "provider[\"registry.terraform.io/hashicorp/aws\"]",
      "instances": [
        {
          "schema_version": 2,
          "attributes": {
            "cidr_blocks": [
              "0.0.0.0/0"
            ],
            "description": null,
            "from_port": 8080,
            "id": "sgrule-1471390747",
            "ipv6_cidr_blocks": null,
            "prefix_list_ids": null,
            "protocol": "tcp",
            "security_group_id": "sg-0e44d2bfded2f07a3",
            "self": false,
            "source_security_group_id": null,
            "to_port": 8080,
            "type": "ingress"
          },
          "sensitive_attributes": [],
          "private": "eyJzY2hlbWFfdmVyc2lvbiI6IjIifQ==",
          "dependencies": [
            "aws_security_group.student-sg"
          ]
        }
      ]
    },
    {
      "mode": "managed",
      "type": "aws_security_group_rule",
      "name": "create-sgr-outbound",
      "provider": "provider[\"registry.terraform.io/hashicorp/aws\"]",
      "instances": [
        {
          "schema_version": 2,
          "attributes": {
            "cidr_blocks": [
              "0.0.0.0/0"
            ],
            "description": null,
            "from_port": 0,
            "id": "sgrule-4001621945",
            "ipv6_cidr_blocks": null,
            "prefix_list_ids": null,
            "protocol": "-1",
            "security_group_id": "sg-0e44d2bfded2f07a3",
            "self": false,
            "source_security_group_id": null,
            "to_port": 65535,
            "type": "egress"
          },
          "sensitive_attributes": [],
          "private": "eyJzY2hlbWFfdmVyc2lvbiI6IjIifQ==",
          "dependencies": [
            "aws_security_group.student-sg"
          ]
        }
      ]
    },
    {
      "mode": "managed",
      "type": "aws_security_group_rule",
      "name": "create-sgr-ssh",
      "provider": "provider[\"registry.terraform.io/hashicorp/aws\"]",
      "instances": [
        {
          "schema_version": 2,
          "attributes": {
            "cidr_blocks": [
              "0.0.0.0/0"
            ],
            "description": null,
            "from_port": 22,
            "id": "sgrule-1295471443",
            "ipv6_cidr_blocks": null,
            "prefix_list_ids": null,
            "protocol": "tcp",
            "security_group_id": "sg-0e44d2bfded2f07a3",
            "self": false,
            "source_security_group_id": null,
            "to_port": 22,
            "type": "ingress"
          },
          "sensitive_attributes": [],
          "private": "eyJzY2hlbWFfdmVyc2lvbiI6IjIifQ==",
          "dependencies": [
            "aws_security_group.student-sg"
          ]
        }
      ]
    },
    {
      "mode": "managed",
      "type": "tls_private_key",
      "name": "private-key",
      "provider": "provider[\"registry.terraform.io/hashicorp/tls\"]",
      "instances": [
        {
          "schema_version": 0,
          "attributes": {
            "algorithm": "RSA",
            "ecdsa_curve": "P224",
            "id": "f60b02236d7036842c88d34d06ff44414a817e9e",
            "private_key_pem": "-----BEGIN RSA PRIVATE KEY-----\nMIIEpAIBAAKCAQEAvfPI4xlM8md+4EszgjPvOhJlILLJQD7Laex4w8ZHE9GR5nd0\n8lV2uXdOX5CIksvse4xA6RWLEPbTcwO8dMafVHY5dN7K5CYotuW10TJwNvRCerOY\nvPk/jq6HgN1IgDNbk0+kV0jFkVZLFzGY/V9mEGgNH6sYhE9loUsabxzV+GWj5Ayr\nGCN+Of0inKxIofVVkR4+bKqJ7cVaDFLqYS4LhBpQWNZhm3Mf93C+KGM6SleqdgSe\n8zyN8jiii5Pz7jZAX0kNzDJO0NqHIhvuatrgPWNeoy7KEtQWHemzXpjctfHWI04n\nJcyVKQb1uHqubjHviQi3SBnEisxXvwKsEd6qIQIDAQABAoIBAHkq4hEjWXcjV8ah\nkcjTch18EHAsO740kDMQOfTALSTSQRxfRQU0SRiDp0XEf6oMVNx2mg1UxbHbkQRD\n9NoUvRv2ki4f1BJ22O/aVgGNCBG1/BYjLCIXaFiOsjcccJv+psKwQee/ru9HuXyh\nEbNGQGfkx8JUtL3pm62op8MLBN5+dJkLP4HRnglXMI/wAjUChYQ8Em8sM4tL3lf8\n55hlF+Zs8XnLmphnQygYTbjQdM3h7I+fog7YoaDUjyGr0wotFVtO6flcaI9SLqTQ\n0zKydYymCmE2lUw/qPiIMeYzaQFHAQiPmbVTmk2yeGZLU0dPZh2h9UaaEAMkYigT\ndGVjDrUCgYEA9HzA45n9bzPvhHT+CKtRAt4WqKnN3p8K7Kg334HT64rPP9K7e/GT\nn3CLUdlTBgN/T+6zWWcb2gjcTL76HcKArYpL1QhTXThVWoU2Rt7bZJogC8COHJPv\nsK7nPHh4j9e269VUWYjqzOtRjtNLN7xBY6teUf0FVBQF233uN6/pYxcCgYEAxuWf\nRBjG1JRgzWRn1Ti+EFBqpLz5Ju9sTDB7SNxMWdhtrqguy/GxO/uGV4yDYvraIHRY\nW9QWwUn5ANs8nJPfRDB+VNpLHNrj3vPYHW4wp45Y15iLMVht/mVFoE+WC3/0yPt0\nmXbPKABLs2ANaZxsTAbEaNqUcEj+CyjTkLlVf4cCgYAYHTXpPQcCMN0u81sa/8q9\nvan+eMEVdBpfvTfFk8iTMt2+LcrQLsOgtjkHmafWsAGeoKyP5NuaZcVUzIFe7hBD\nDaDtIiUWzLeedgUkeFarVYhToGpj5zN8+cNU84zwoxYnrKLlMdv22j7xF2YT2T2Z\n1w02iP49jLwHKiSU2YTrgQKBgQCrtRyT61frudUAPEgvmXbsGqCWa9YkuNmjxM8K\nDbWUcvXtrKAJzTQW9oP6HQJoduvMzORjEmw6niPri1l+S2KaOcs2ceYamRXUKmtO\nrQwv+wHTzouMJC2BS+iaB1sfvm2S/RKiUiFxBSBVUP0DSdlsoQL7CojPjxRSigJr\nlLStDQKBgQC7VIzfUizrFOoAtmpRvYLuVnTyDbz0pxS+M5TA4LyRRAjmhUNtMPVE\n+qcEPnNNq62WHG+Cv5SLe+AQueUXK1zBAysGwZfZiyLePe86Ur8fdAHZC82bgEZd\nfJsOV1GivvkqEfDltZ9PEVYvTenGHb0my6GF2uf9R4NP/EKDbx0y/Q==\n-----END RSA PRIVATE KEY-----\n",
            "public_key_fingerprint_md5": "6f:f1:d0:ed:73:b3:e9:da:6c:c8:f4:14:fb:3a:b8:a6",
            "public_key_openssh": "ssh-rsa AAAAB3NzaC1yc2EAAAADAQABAAABAQC988jjGUzyZ37gSzOCM+86EmUgsslAPstp7HjDxkcT0ZHmd3TyVXa5d05fkIiSy+x7jEDpFYsQ9tNzA7x0xp9Udjl03srkJii25bXRMnA29EJ6s5i8+T+OroeA3UiAM1uTT6RXSMWRVksXMZj9X2YQaA0fqxiET2WhSxpvHNX4ZaPkDKsYI345/SKcrEih9VWRHj5sqontxVoMUuphLguEGlBY1mGbcx/3cL4oYzpKV6p2BJ7zPI3yOKKLk/PuNkBfSQ3MMk7Q2ociG+5q2uA9Y16jLsoS1BYd6bNemNy18dYjTiclzJUpBvW4eq5uMe+JCLdIGcSKzFe/AqwR3qoh\n",
            "public_key_pem": "-----BEGIN PUBLIC KEY-----\nMIIBIjANBgkqhkiG9w0BAQEFAAOCAQ8AMIIBCgKCAQEAvfPI4xlM8md+4EszgjPv\nOhJlILLJQD7Laex4w8ZHE9GR5nd08lV2uXdOX5CIksvse4xA6RWLEPbTcwO8dMaf\nVHY5dN7K5CYotuW10TJwNvRCerOYvPk/jq6HgN1IgDNbk0+kV0jFkVZLFzGY/V9m\nEGgNH6sYhE9loUsabxzV+GWj5AyrGCN+Of0inKxIofVVkR4+bKqJ7cVaDFLqYS4L\nhBpQWNZhm3Mf93C+KGM6SleqdgSe8zyN8jiii5Pz7jZAX0kNzDJO0NqHIhvuatrg\nPWNeoy7KEtQWHemzXpjctfHWI04nJcyVKQb1uHqubjHviQi3SBnEisxXvwKsEd6q\nIQIDAQAB\n-----END PUBLIC KEY-----\n",
            "rsa_bits": 2048
          },
          "sensitive_attributes": [],
          "private": "bnVsbA=="
        }
      ]
    }
  ]
}
